
Microsoft Visual Studio Solution File, Format Version 12.00
# Visual Studio Version 17
VisualStudioVersion = 17.2.32526.322
MinimumVisualStudioVersion = 10.0.40219.1
Project("{FAE04EC0-301F-11D3-BF4B-00C04F79EFBC}") = "MyFirstWebApi.dll", "MyFirstWebApi.dll\MyFirstWebApi.dll.csproj", "{6E68E7CE-1700-4550-8242-8A9B14F9E3EB}"
EndProject
Global
	GlobalSection(SolutionConfigurationPlatforms) = preSolution
		Debug|Any CPU = Debug|Any CPU
		Release|Any CPU = Release|Any CPU
	EndGlobalSection
	GlobalSection(ProjectConfigurationPlatforms) = postSolution
		{6E68E7CE-1700-4550-8242-8A9B14F9E3EB}.Debug|Any CPU.ActiveCfg = Debug|Any CPU
		{6E68E7CE-1700-4550-8242-8A9B14F9E3EB}.Debug|Any CPU.Build.0 = Debug|Any CPU
		{6E68E7CE-1700-4550-8242-8A9B14F9E3EB}.Release|Any CPU.ActiveCfg = Release|Any CPU
		{6E68E7CE-1700-4550-8242-8A9B14F9E3EB}.Release|Any CPU.Build.0 = Release|Any CPU
	EndGlobalSection
	GlobalSection(SolutionProperties) = preSolution
		HideSolutionNode = FALSE
	EndGlobalSection
	GlobalSection(ExtensibilityGlobals) = postSolution
		SolutionGuid = {80624B9E-AF39-4D3D-8593-D7CE32BE193D}
	EndGlobalSection
EndGlobal
